
Microsoft Visual Studio Solution File, Format Version 12.00
# Visual Studio Version 16
VisualStudioVersion = 16.0.31112.23
MinimumVisualStudioVersion = 10.0.40219.1
Project("{FAE04EC0-301F-11D3-BF4B-00C04F79EFBC}") = "Clean", "Clean\Clean.csproj", "{5CB2D8C4-4724-4DFC-9E0C-3717E5D7464A}"
EndProject
Global
	GlobalSection(SolutionConfigurationPlatforms) = preSolution
		Debug|Any CPU = Debug|Any CPU
		Release|Any CPU = Release|Any CPU
	EndGlobalSection
	GlobalSection(ProjectConfigurationPlatforms) = postSolution
		{5CB2D8C4-4724-4DFC-9E0C-3717E5D7464A}.Debug|Any CPU.ActiveCfg = Debug|Any CPU
		{5CB2D8C4-4724-4DFC-9E0C-3717E5D7464A}.Debug|Any CPU.Build.0 = Debug|Any CPU
		{5CB2D8C4-4724-4DFC-9E0C-3717E5D7464A}.Release|Any CPU.ActiveCfg = Release|Any CPU
		{5CB2D8C4-4724-4DFC-9E0C-3717E5D7464A}.Release|Any CPU.Build.0 = Release|Any CPU
	EndGlobalSection
	GlobalSection(SolutionProperties) = preSolution
		HideSolutionNode = FALSE
	EndGlobalSection
	GlobalSection(ExtensibilityGlobals) = postSolution
		SolutionGuid = {7C5E021C-3F0C-43FA-9AB1-CCA00BF7D6C6}
	EndGlobalSection
EndGlobal
